
Microsoft Visual Studio Solution File, Format Version 12.00
# Visual Studio Version 17
VisualStudioVersion = 17.9.34902.65
MinimumVisualStudioVersion = 10.0.40219.1
Project("{FAE04EC0-301F-11D3-BF4B-00C04F79EFBC}") = "epicteam", "epicteam\epicteam.csproj", "{53D5F25E-F4F0-4565-98B3-7C9E2065D314}"
EndProject
Global
	GlobalSection(SolutionConfigurationPlatforms) = preSolution
		Debug|Any CPU = Debug|Any CPU
		Release|Any CPU = Release|Any CPU
	EndGlobalSection
	GlobalSection(ProjectConfigurationPlatforms) = postSolution
		{53D5F25E-F4F0-4565-98B3-7C9E2065D314}.Debug|Any CPU.ActiveCfg = Debug|Any CPU
		{53D5F25E-F4F0-4565-98B3-7C9E2065D314}.Debug|Any CPU.Build.0 = Debug|Any CPU
		{53D5F25E-F4F0-4565-98B3-7C9E2065D314}.Release|Any CPU.ActiveCfg = Release|Any CPU
		{53D5F25E-F4F0-4565-98B3-7C9E2065D314}.Release|Any CPU.Build.0 = Release|Any CPU
	EndGlobalSection
	GlobalSection(SolutionProperties) = preSolution
		HideSolutionNode = FALSE
	EndGlobalSection
	GlobalSection(ExtensibilityGlobals) = postSolution
		SolutionGuid = {E9B4AD64-1B8F-4B36-91D1-805374D5A4E8}
	EndGlobalSection
EndGlobal
